
Microsoft Visual Studio Solution File, Format Version 12.00
# Visual Studio Version 16
VisualStudioVersion = 16.0.31005.135
MinimumVisualStudioVersion = 10.0.40219.1
Project("{9A19103F-16F7-4668-BE54-9A1E7A4F7556}") = "CodeBug.CDS.Net5.Connector", "CodeBug.CDS.Net5.Connector\CodeBug.CDS.Net5.Connector.csproj", "{77991F07-2FD1-4AA3-B401-661D1D88B6B3}"
EndProject
Global
	GlobalSection(SolutionConfigurationPlatforms) = preSolution
		Debug|Any CPU = Debug|Any CPU
		Release|Any CPU = Release|Any CPU
	EndGlobalSection
	GlobalSection(ProjectConfigurationPlatforms) = postSolution
		{77991F07-2FD1-4AA3-B401-661D1D88B6B3}.Debug|Any CPU.ActiveCfg = Debug|Any CPU
		{77991F07-2FD1-4AA3-B401-661D1D88B6B3}.Debug|Any CPU.Build.0 = Debug|Any CPU
		{77991F07-2FD1-4AA3-B401-661D1D88B6B3}.Release|Any CPU.ActiveCfg = Release|Any CPU
		{77991F07-2FD1-4AA3-B401-661D1D88B6B3}.Release|Any CPU.Build.0 = Release|Any CPU
	EndGlobalSection
	GlobalSection(SolutionProperties) = preSolution
		HideSolutionNode = FALSE
	EndGlobalSection
	GlobalSection(ExtensibilityGlobals) = postSolution
		SolutionGuid = {A67CF11A-8434-4C30-8C07-4A28EA439DAF}
	EndGlobalSection
EndGlobal
